PODS:
  - WhaleNotificationCenter (1.2.0)

DEPENDENCIES:
  - WhaleNotificationCenter (from `https://github.com/rbozdag/WhaleNotificationCenter.git`)

EXTERNAL SOURCES:
  WhaleNotificationCenter:
    :git: https://github.com/rbozdag/WhaleNotificationCenter.git

CHECKOUT OPTIONS:
  WhaleNotificationCenter:
    :commit: 79026a795443ab338848d53a95af538a44976f60
    :git: https://github.com/rbozdag/WhaleNotificationCenter.git

SPEC CHECKSUMS:
  WhaleNotificationCenter: e32a1a3e6f8db73310604d4a51039a33f4355dee

PODFILE CHECKSUM: 6abe8213ae0ea49d37d16717d3c940bee5f19dc7

COCOAPODS: 1.6.0
